{
  "name": "zhiyanPlatform",
  "version": "1.0.0",
  "lockfileVersion": 3,
  "requires": true,
  "packages": {
    "": {
      "name": "zhiyanPlatform",
      "version": "1.0.0",
      "license": "MIT",
      "dependencies": {
        "@dcloudio/uni-ui": "^1.5.11",
        "animejs": "^4.2.2",
        "highlight.js": "^11.11.1",
        "simplex-noise": "^4.0.3"
      },
      "engines": {
        "HBuilderX": "^3.1.0",
        "uni-app": "^4.03",
        "uni-app-x": ""
      }
    },
    "node_modules/@dcloudio/uni-ui": {
      "version": "1.5.11",
      "resolved": "https://registry.npmjs.org/@dcloudio/uni-ui/-/uni-ui-1.5.11.tgz",
      "integrity": "sha512-DBtk046ofmeFd82zRI7d89SoEwrAxYzUN3WVPm1DIBkpLPG5F5QDNkHMnZGu2wNrMEmGBjBpUh3vqEY1L3jaMw==",
      "license": "Apache-2.0"
    },
    "node_modules/animejs": {
      "version": "4.2.2",
      "resolved": "https://registry.npmjs.org/animejs/-/animejs-4.2.2.tgz",
      "integrity": "sha512-Ys3RuvLdAeI14fsdKCQy7ytu4057QX6Bb7m4jwmfd6iKmUmLquTwk1ut0e4NtRQgCeq/s2Lv5+oMBjz6c7ZuIg==",
      "license": "MIT",
      "funding": {
        "type": "github",
        "url": "https://github.com/sponsors/juliangarnier"
      }
    },
    "node_modules/highlight.js": {
      "version": "11.11.1",
      "resolved": "https://registry.npmjs.org/highlight.js/-/highlight.js-11.11.1.tgz",
      "integrity": "sha512-Xwwo44whKBVCYoliBQwaPvtd/2tYFkRQtXDWj1nackaV2JPXx3L0+Jvd8/qCJ2p+ML0/XVkJ2q+Mr+UVdpJK5w==",
      "license": "BSD-3-Clause",
      "engines": {
        "node": ">=12.0.0"
      }
    },
    "node_modules/simplex-noise": {
      "version": "4.0.3",
      "resolved": "https://registry.npmjs.org/simplex-noise/-/simplex-noise-4.0.3.tgz",
      "integrity": "sha512-qSE2I4AngLQG7BXqoZj51jokT4WUXe8mOBrvfOXpci8+6Yu44+/dD5zqDpOx3Ux792eamTd2lLcI8jqFntk/lg==",
      "license": "MIT"
    }
  }
}
